
Microsoft Visual Studio Solution File, Format Version 12.00
Project("{FAE04EC0-301F-11D3-BF4B-00C04F79EFBC}") = "GamesLand.Web", "GamesLand.Web\GamesLand.Web.csproj", "{E5F25A76-74FE-4D99-B6E0-5EE84F48B54E}"
EndProject
Project("{FAE04EC0-301F-11D3-BF4B-00C04F79EFBC}") = "GamesLand.Core", "GamesLand.Core\GamesLand.Core.csproj", "{75CAC2EE-857E-4CC7-BDEC-7835AB0C6EED}"
EndProject
Project("{FAE04EC0-301F-11D3-BF4B-00C04F79EFBC}") = "GamesLand.Infrastructure.PostgreSQL", "GamesLand.Infrastructure.PostgreSQL\GamesLand.Infrastructure.PostgreSQL.csproj", "{0BFDFA90-3589-41A3-94CE-C9105953F09A}"
EndProject
Project("{FAE04EC0-301F-11D3-BF4B-00C04F79EFBC}") = "GamesLand.Tests.Unit", "GamesLand.Tests.Unit\GamesLand.Tests.Unit.csproj", "{E0707E91-6043-4AAD-BEDA-6BEB1E7BBC54}"
EndProject
Project("{FAE04EC0-301F-11D3-BF4B-00C04F79EFBC}") = "GamesLand.Tests.Integration", "GamesLand.Tests.Integration\GamesLand.Tests.Integration.csproj", "{70FB84AB-294A-438A-9ED3-7EFA9EDBCB7C}"
EndProject
Project("{FAE04EC0-301F-11D3-BF4B-00C04F79EFBC}") = "GamesLand.Tests.Helpers", "GamesLand.Tests.Helpers\GamesLand.Tests.Helpers.csproj", "{89723FFC-BA63-4576-B790-7E2C6214B550}"
EndProject
Project("{FAE04EC0-301F-11D3-BF4B-00C04F79EFBC}") = "GamesLand.Tests.E2E", "GamesLand.Tests.E2E\GamesLand.Tests.E2E.csproj", "{26ECD673-8E8D-47CC-80D7-9D8284B1FD49}"
EndProject
Project("{FAE04EC0-301F-11D3-BF4B-00C04F79EFBC}") = "GamesLand.Infrastructure.RAWG", "GamesLand.Infrastructure.RAWG\GamesLand.Infrastructure.RAWG.csproj", "{50A404FD-3481-4B2D-B6D5-F18C1CC74B12}"
EndProject
Project("{FAE04EC0-301F-11D3-BF4B-00C04F79EFBC}") = "GamesLand.Infrastructure.Scheduler", "GamesLand.Infrastructure.Scheduler\GamesLand.Infrastructure.Scheduler.csproj", "{ED608145-0EC6-42E0-854E-BB2C0D9E34D1}"
EndProject
Global
	GlobalSection(SolutionConfigurationPlatforms) = preSolution
		Debug|Any CPU = Debug|Any CPU
		Release|Any CPU = Release|Any CPU
	EndGlobalSection
	GlobalSection(ProjectConfigurationPlatforms) = postSolution
		{E5F25A76-74FE-4D99-B6E0-5EE84F48B54E}.Debug|Any CPU.ActiveCfg = Debug|Any CPU
		{E5F25A76-74FE-4D99-B6E0-5EE84F48B54E}.Debug|Any CPU.Build.0 = Debug|Any CPU
		{E5F25A76-74FE-4D99-B6E0-5EE84F48B54E}.Release|Any CPU.ActiveCfg = Release|Any CPU
		{E5F25A76-74FE-4D99-B6E0-5EE84F48B54E}.Release|Any CPU.Build.0 = Release|Any CPU
		{75CAC2EE-857E-4CC7-BDEC-7835AB0C6EED}.Debug|Any CPU.ActiveCfg = Debug|Any CPU
		{75CAC2EE-857E-4CC7-BDEC-7835AB0C6EED}.Debug|Any CPU.Build.0 = Debug|Any CPU
		{75CAC2EE-857E-4CC7-BDEC-7835AB0C6EED}.Release|Any CPU.ActiveCfg = Release|Any CPU
		{75CAC2EE-857E-4CC7-BDEC-7835AB0C6EED}.Release|Any CPU.Build.0 = Release|Any CPU
		{0BFDFA90-3589-41A3-94CE-C9105953F09A}.Debug|Any CPU.ActiveCfg = Debug|Any CPU
		{0BFDFA90-3589-41A3-94CE-C9105953F09A}.Debug|Any CPU.Build.0 = Debug|Any CPU
		{0BFDFA90-3589-41A3-94CE-C9105953F09A}.Release|Any CPU.ActiveCfg = Release|Any CPU
		{0BFDFA90-3589-41A3-94CE-C9105953F09A}.Release|Any CPU.Build.0 = Release|Any CPU
		{E0707E91-6043-4AAD-BEDA-6BEB1E7BBC54}.Debug|Any CPU.ActiveCfg = Debug|Any CPU
		{E0707E91-6043-4AAD-BEDA-6BEB1E7BBC54}.Debug|Any CPU.Build.0 = Debug|Any CPU
		{E0707E91-6043-4AAD-BEDA-6BEB1E7BBC54}.Release|Any CPU.ActiveCfg = Release|Any CPU
		{E0707E91-6043-4AAD-BEDA-6BEB1E7BBC54}.Release|Any CPU.Build.0 = Release|Any CPU
		{70FB84AB-294A-438A-9ED3-7EFA9EDBCB7C}.Debug|Any CPU.ActiveCfg = Debug|Any CPU
		{70FB84AB-294A-438A-9ED3-7EFA9EDBCB7C}.Debug|Any CPU.Build.0 = Debug|Any CPU
		{70FB84AB-294A-438A-9ED3-7EFA9EDBCB7C}.Release|Any CPU.ActiveCfg = Release|Any CPU
		{70FB84AB-294A-438A-9ED3-7EFA9EDBCB7C}.Release|Any CPU.Build.0 = Release|Any CPU
		{89723FFC-BA63-4576-B790-7E2C6214B550}.Debug|Any CPU.ActiveCfg = Debug|Any CPU
		{89723FFC-BA63-4576-B790-7E2C6214B550}.Debug|Any CPU.Build.0 = Debug|Any CPU
		{89723FFC-BA63-4576-B790-7E2C6214B550}.Release|Any CPU.ActiveCfg = Release|Any CPU
		{89723FFC-BA63-4576-B790-7E2C6214B550}.Release|Any CPU.Build.0 = Release|Any CPU
		{26ECD673-8E8D-47CC-80D7-9D8284B1FD49}.Debug|Any CPU.ActiveCfg = Debug|Any CPU
		{26ECD673-8E8D-47CC-80D7-9D8284B1FD49}.Debug|Any CPU.Build.0 = Debug|Any CPU
		{26ECD673-8E8D-47CC-80D7-9D8284B1FD49}.Release|Any CPU.ActiveCfg = Release|Any CPU
		{26ECD673-8E8D-47CC-80D7-9D8284B1FD49}.Release|Any CPU.Build.0 = Release|Any CPU
		{50A404FD-3481-4B2D-B6D5-F18C1CC74B12}.Debug|Any CPU.ActiveCfg = Debug|Any CPU
		{50A404FD-3481-4B2D-B6D5-F18C1CC74B12}.Debug|Any CPU.Build.0 = Debug|Any CPU
		{50A404FD-3481-4B2D-B6D5-F18C1CC74B12}.Release|Any CPU.ActiveCfg = Release|Any CPU
		{50A404FD-3481-4B2D-B6D5-F18C1CC74B12}.Release|Any CPU.Build.0 = Release|Any CPU
		{ED608145-0EC6-42E0-854E-BB2C0D9E34D1}.Debug|Any CPU.ActiveCfg = Debug|Any CPU
		{ED608145-0EC6-42E0-854E-BB2C0D9E34D1}.Debug|Any CPU.Build.0 = Debug|Any CPU
		{ED608145-0EC6-42E0-854E-BB2C0D9E34D1}.Release|Any CPU.ActiveCfg = Release|Any CPU
		{ED608145-0EC6-42E0-854E-BB2C0D9E34D1}.Release|Any CPU.Build.0 = Release|Any CPU
	EndGlobalSection
EndGlobal
